# This file is autogenerated, do not edit; changes may be undone by the next 'dep ensure'.


[[projects]]
  digest = "1:03b013a74c6bf00b677e28f84beb1aa3d2c948d47890537a5ff0cd77af00f2cd"
  name = "github.com/aws/aws-sdk-go"
  packages = [
    "aws",
    "aws/awserr",
    "aws/awsutil",
    "aws/client",
    "aws/client/metadata",
    "aws/corehandlers",
    "aws/credentials",
    "aws/credentials/ec2rolecreds",
    "aws/credentials/endpointcreds",
    "aws/credentials/processcreds",
    "aws/credentials/stscreds",
    "aws/csm",
    "aws/defaults",
    "aws/ec2metadata",
    "aws/endpoints",
    "aws/request",
    "aws/session",
    "aws/signer/v4",
    "internal/ini",
    "internal/s3err",
    "internal/sdkio",
    "internal/sdkmath",
    "internal/sdkrand",
    "internal/sdkuri",
    "internal/shareddefaults",
    "private/protocol",
    "private/protocol/ec2query",
    "private/protocol/eventstream",
    "private/protocol/eventstream/eventstreamapi",
    "private/protocol/json/jsonutil",
    "private/protocol/jsonrpc",
    "private/protocol/query",
    "private/protocol/query/queryutil",
    "private/protocol/rest",
    "private/protocol/restxml",
    "private/protocol/xml/xmlutil",
    "service/autoscaling",
    "service/cloudwatch",
    "service/ec2",
    "service/elb",
    "service/elbv2",
    "service/iam",
    "service/rds",
    "service/s3",
    "service/servicequotas",
    "service/sts",
    "service/sts/stsiface",
  ]
  pruneopts = "UT"
  revision = "572908275ed4e38fef7ccb7d507f2faacaa7ab36"
  version = "v1.25.4"

[[projects]]
  digest = "1:b32891419874ebd2a9f4e1f6a28e241ff909d576b7d57a760131cbaea27c4a22"
  name = "github.com/gogo/protobuf"
  packages = ["proto"]
  pruneopts = "UT"
  revision = "65acae22fc9d"

[[projects]]
  digest = "1:bb81097a5b62634f3e9fec1014657855610c82d19b9a40c17612e32651e35dca"
  name = "github.com/jmespath/go-jmespath"
  packages = ["."]
  pruneopts = "UT"
  revision = "c2b33e84"

[[projects]]
  digest = "1:31e761d97c76151dde79e9d28964a812c46efc5baee4085b86f68f0c654450de"
  name = "github.com/konsorten/go-windows-terminal-sequences"
  packages = ["."]
  pruneopts = "UT"
  revision = "f55edac94c9bbba5d6182a4be46d86a2c9b5b50e"
  version = "v1.0.2"

[[projects]]
  digest = "1:cf31692c14422fa27c83a05292eb5cbe0fb2775972e8f1f8446a71549bd8980b"
  name = "github.com/pkg/errors"
  packages = ["."]
  pruneopts = "UT"
  revision = "ba968bfe8b2f7e042a574c888954fccecfa385b4"
  version = "v0.8.1"

[[projects]]
  digest = "1:04457f9f6f3ffc5fea48e71d62f2ca256637dee0a04d710288e27e05c8b41976"
  name = "github.com/sirupsen/logrus"
  packages = ["."]
  pruneopts = "UT"
  revision = "839c75faf7f98a33d445d181f3018b5c3409a45e"
  version = "v1.4.2"

[[projects]]
  branch = "master"
  digest = "1:84ed4fd3f7c52941feec4832e385f61377a01b4c98a0f868f16f10c2469fc0fe"
  name = "golang.org/x/sys"
  packages = ["unix"]
  pruneopts = "UT"
  revision = "b397fe3ad8ed895c98fa54584f61835a88e65ff5"

[[projects]]
  branch = "master"
  digest = "1:3999c7069a4d055a82db3ef006c4c74fecc90b5994e24523535a964d670d41c4"
  name = "k8s.io/apimachinery"
  packages = [
    "pkg/conversion",
    "pkg/conversion/queryparams",
    "pkg/runtime",
    "pkg/runtime/schema",
    "pkg/util/errors",
    "pkg/util/json",
    "pkg/util/naming",
    "pkg/util/runtime",
    "pkg/util/sets",
    "third_party/forked/golang/reflect",
  ]
  pruneopts = "UT"
  revision = "c930edf458836cbf43c89473046226902e16bdd6"

[[projects]]
  digest = "1:a0edbac61241153846ffef8b652ab1bdfe1075f7a7397f12163ec78c9b561392"
  name = "k8s.io/client-go"
  packages = ["tools/clientcmd/api"]
  pruneopts = "UT"
  revision = "78d2af792babf2dd937ba2e2a8d99c753a5eda89"
  version = "v12.0.0"

[[projects]]
  digest = "1:93e82f25d75aba18436ad1ac042cb49493f096011f2541075721ed6f9e05c044"
  name = "k8s.io/klog"
  packages = ["."]
  pruneopts = "UT"
  revision = "2ca9ad30301bf30a8a6e0fa2110db6b8df699a91"
  version = "v1.0.0"

[solve-meta]
  analyzer-name = "dep"
  analyzer-version = 1
  input-imports = [
    "github.com/aws/aws-sdk-go/aws",
    "github.com/aws/aws-sdk-go/aws/credentials/stscreds",
    "github.com/aws/aws-sdk-go/aws/session",
    "github.com/aws/aws-sdk-go/service/autoscaling",
    "github.com/aws/aws-sdk-go/service/cloudwatch",
    "github.com/aws/aws-sdk-go/service/ec2",
    "github.com/aws/aws-sdk-go/service/elb",
    "github.com/aws/aws-sdk-go/service/elbv2",
    "github.com/aws/aws-sdk-go/service/iam",
    "github.com/aws/aws-sdk-go/service/rds",
    "github.com/aws/aws-sdk-go/service/s3",
    "github.com/aws/aws-sdk-go/service/servicequotas",
    "github.com/aws/aws-sdk-go/service/sts",
    "github.com/aws/aws-sdk-go/service/sts/stsiface",
    "github.com/pkg/errors",
    "github.com/sirupsen/logrus",
    "k8s.io/client-go/tools/clientcmd/api",
  ]
  solver-name = "gps-cdcl"
  solver-version = 1
